// !$*UTF8*$!
{
	archiveVersion = 1;
	classes = {
	};
	objectVersion = 48;
	objects = {

/* Begin PBXBuildFile section */
		038B87951FECD5470005346A /* AppDelegate.swift in Sources */ = {isa = PBXBuildFile; fileRef = 038B87941FECD5470005346A /* AppDelegate.swift */; };
		038B879C1FECD5470005346A /* Assets.xcassets in Resources */ = {isa = PBXBuildFile; fileRef = 038B879B1FECD5470005346A /* Assets.xcassets */; };
		038B87AA1FECD5470005346A /* Local_AuthenticationTests.swift in Sources */ = {isa = PBXBuildFile; fileRef = 038B87A91FECD5470005346A /* Local_AuthenticationTests.swift */; };
		038B87B51FECD5470005346A /* Local_AuthenticationUITests.swift in Sources */ = {isa = PBXBuildFile; fileRef = 038B87B41FECD5470005346A /* Local_AuthenticationUITests.swift */; };
		038B87C41FECD5640005346A /* LocalAuthentication.framework in Frameworks */ = {isa = PBXBuildFile; fileRef = 038B87C31FECD55D0005346A /* LocalAuthentication.framework */; };
		038B87C81FECD5770005346A /* Main.storyboard in Resources */ = {isa = PBXBuildFile; fileRef = 038B87C51FECD5770005346A /* Main.storyboard */; };
		038B87C91FECD5770005346A /* NextViewController.swift in Sources */ = {isa = PBXBuildFile; fileRef = 038B87C61FECD5770005346A /* NextViewController.swift */; };
		038B87CA1FECD5770005346A /* ViewController.swift in Sources */ = {isa = PBXBuildFile; fileRef = 038B87C71FECD5770005346A /* ViewController.swift */; };
		038B87CC1FECD6360005346A /* LaunchScreen.storyboard in Resources */ = {isa = PBXBuildFile; fileRef = 038B87CB1FECD6360005346A /* LaunchScreen.storyboard */; };
/* End PBXBuildFile section */

/* Begin PBXContainerItemProxy section */
		038B87A61FECD5470005346A /* PBXContainerItemProxy */ = {
			isa = PBXContainerItemProxy;
			containerPortal = 038B87891FECD5470005346A /* Project object */;
			proxyType = 1;
			remoteGlobalIDString = 038B87901FECD5470005346A;
			remoteInfo = "Local-Authentication";
		};
		038B87B11FECD5470005346A /* PBXContainerItemProxy */ = {
			isa = PBXContainerItemProxy;
			containerPortal = 038B87891FECD5470005346A /* Project object */;
			proxyType = 1;
			remoteGlobalIDString = 038B87901FECD5470005346A;
			remoteInfo = "Local-Authentication";
		};
/* End PBXContainerItemProxy section */

/* Begin PBXFileReference section */
		038B87911FECD5470005346A /* Local-Authentication.app */ = {isa = PBXFileReference; explicitFileType = wrapper.application; includeInIndex = 0; path = "Local-Authentication.app"; sourceTree = BUILT_PRODUCTS_DIR; };
		038B87941FECD5470005346A /* AppDelegate.swift */ = {isa = PBXFileReference; lastKnownFileType = sourcecode.swift; path = AppDelegate.swift; sourceTree = "<group>"; };
		038B879B1FECD5470005346A /* Assets.xcassets */ = {isa = PBXFileReference; lastKnownFileType = folder.assetcatalog; path = Assets.xcassets; sourceTree = "<group>"; };
		038B87A01FECD5470005346A /* Info.plist */ = {isa = PBXFileReference; lastKnownFileType = text.plist.xml; path = Info.plist; sourceTree = "<group>"; };
		038B87A51FECD5470005346A /* Local-AuthenticationTests.xctest */ = {isa = PBXFileReference; explicitFileType = wrapper.cfbundle; includeInIndex = 0; path = "Local-AuthenticationTests.xctest"; sourceTree = BUILT_PRODUCTS_DIR; };
		038B87A91FECD5470005346A /* Local_AuthenticationTests.swift */ = {isa = PBXFileReference; lastKnownFileType = sourcecode.swift; path = Local_AuthenticationTests.swift; sourceTree = "<group>"; };
		038B87AB1FECD5470005346A /* Info.plist */ = {isa = PBXFileReference; lastKnownFileType = text.plist.xml; path = Info.plist; sourceTree = "<group>"; };
		038B87B01FECD5470005346A /* Local-AuthenticationUITests.xctest */ = {isa = PBXFileReference; explicitFileType = wrapper.cfbundle; includeInIndex = 0; path = "Local-AuthenticationUITests.xctest"; sourceTree = BUILT_PRODUCTS_DIR; };
		038B87B41FECD5470005346A /* Local_AuthenticationUITests.swift */ = {isa = PBXFileReference; lastKnownFileType = sourcecode.swift; path = Local_AuthenticationUITests.swift; sourceTree = "<group>"; };
		038B87B61FECD5470005346A /* Info.plist */ = {isa = PBXFileReference; lastKnownFileType = text.plist.xml; path = Info.plist; sourceTree = "<group>"; };
		038B87C31FECD55D0005346A /* LocalAuthentication.framework */ = {isa = PBXFileReference; lastKnownFileType = wrapper.framework; name = LocalAuthentication.framework; path = System/Library/Frameworks/LocalAuthentication.framework; sourceTree = SDKROOT; };
		038B87C51FECD5770005346A /* Main.storyboard */ = {isa = PBXFileReference; fileEncoding = 4; lastKnownFileType = file.storyboard; path = Main.storyboard; sourceTree = "<group>"; };
		038B87C61FECD5770005346A /* NextViewController.swift */ = {isa = PBXFileReference; fileEncoding = 4; lastKnownFileType = sourcecode.swift; path = NextViewController.swift; sourceTree = "<group>"; };
		038B87C71FECD5770005346A /* ViewController.swift */ = {isa = PBXFileReference; fileEncoding = 4; lastKnownFileType = sourcecode.swift; path = ViewController.swift; sourceTree = "<group>"; };
		038B87CB1FECD6360005346A /* LaunchScreen.storyboard */ = {isa = PBXFileReference; fileEncoding = 4; lastKnownFileType = file.storyboard; path = LaunchScreen.storyboard; sourceTree = "<group>"; };
/* End PBXFileReference section */

/* Begin PBXFrameworksBuildPhase section */
		038B878E1FECD5470005346A /* Frameworks */ = {
			isa = PBXFrameworksBuildPhase;
			buildActionMask = 2147483647;
			files = (
				038B87C41FECD5640005346A /* LocalAuthentication.framework in Frameworks */,
			);
			runOnlyForDeploymentPostprocessing = 0;
		};
		038B87A21FECD5470005346A /* Frameworks */ = {
			isa = PBXFrameworksBuildPhase;
			buildActionMask = 2147483647;
			files = (
			);
			runOnlyForDeploymentPostprocessing = 0;
		};
		038B87AD1FECD5470005346A /* Frameworks */ = {
			isa = PBXFrameworksBuildPhase;
			buildActionMask = 2147483647;
			files = (
			);
			runOnlyForDeploymentPostprocessing = 0;
		};
/* End PBXFrameworksBuildPhase section */

/* Begin PBXGroup section */
		038B87881FECD5470005346A = {
			isa = PBXGroup;
			children = (
				038B87931FECD5470005346A /* Local-Authentication */,
				038B87A81FECD5470005346A /* Local-AuthenticationTests */,
				038B87B31FECD5470005346A /* Local-AuthenticationUITests */,
				038B87921FECD5470005346A /* Products */,
				038B87C21FECD55C0005346A /* Frameworks */,
			);
			sourceTree = "<group>";
		};
		038B87921FECD5470005346A /* Products */ = {
			isa = PBXGroup;
			children = (
				038B87911FECD5470005346A /* Local-Authentication.app */,
				038B87A51FECD5470005346A /* Local-AuthenticationTests.xctest */,
				038B87B01FECD5470005346A /* Local-AuthenticationUITests.xctest */,
			);
			name = Products;
			sourceTree = "<group>";
		};
		038B87931FECD5470005346A /* Local-Authentication */ = {
			isa = PBXGroup;
			children = (
				038B87941FECD5470005346A /* AppDelegate.swift */,
				038B87C71FECD5770005346A /* ViewController.swift */,
				038B87C61FECD5770005346A /* NextViewController.swift */,
				038B87C51FECD5770005346A /* Main.storyboard */,
				038B879B1FECD5470005346A /* Assets.xcassets */,
				038B87CB1FECD6360005346A /* LaunchScreen.storyboard */,
				038B87A01FECD5470005346A /* Info.plist */,
			);
			path = "Local-Authentication";
			sourceTree = "<group>";
		};
		038B87A81FECD5470005346A /* Local-AuthenticationTests */ = {
			isa = PBXGroup;
			children = (
				038B87A91FECD5470005346A /* Local_AuthenticationTests.swift */,
				038B87AB1FECD5470005346A /* Info.plist */,
			);
			path = "Local-AuthenticationTests";
			sourceTree = "<group>";
		};
		038B87B31FECD5470005346A /* Local-AuthenticationUITests */ = {
			isa = PBXGroup;
			children = (
				038B87B41FECD5470005346A /* Local_AuthenticationUITests.swift */,
				038B87B61FECD5470005346A /* Info.plist */,
			);
			path = "Local-AuthenticationUITests";
			sourceTree = "<group>";
		};
		038B87C21FECD55C0005346A /* Frameworks */ = {
			isa = PBXGroup;
			children = (
				038B87C31FECD55D0005346A /* LocalAuthentication.framework */,
			);
			name = Frameworks;
			sourceTree = "<group>";
		};
/* End PBXGroup section */

/* Begin PBXNativeTarget section */
		038B87901FECD5470005346A /* Local-Authentication */ = {
			isa = PBXNativeTarget;
			buildConfigurationList = 038B87B91FECD5470005346A /* Build configuration list for PBXNativeTarget "Local-Authentication" */;
			buildPhases = (
				038B878D1FECD5470005346A /* Sources */,
				038B878E1FECD5470005346A /* Frameworks */,
				038B878F1FECD5470005346A /* Resources */,
			);
			buildRules = (
			);
			dependencies = (
			);
			name = "Local-Authentication";
			productName = "Local-Authentication";
			productReference = 038B87911FECD5470005346A /* Local-Authentication.app */;
			productType = "com.apple.product-type.application";
		};
		038B87A41FECD5470005346A /* Local-AuthenticationTests */ = {
			isa = PBXNativeTarget;
			buildConfigurationList = 038B87BC1FECD5470005346A /* Build configuration list for PBXNativeTarget "Local-AuthenticationTests" */;
			buildPhases = (
				038B87A11FECD5470005346A /* Sources */,
				038B87A21FECD5470005346A /* Frameworks */,
				038B87A31FECD5470005346A /* Resources */,
			);
			buildRules = (
			);
			dependencies = (
				038B87A71FECD5470005346A /* PBXTargetDependency */,
			);
			name = "Local-AuthenticationTests";
			productName = "Local-AuthenticationTests";
			productReference = 038B87A51FECD5470005346A /* Local-AuthenticationTests.xctest */;
			productType = "com.apple.product-type.bundle.unit-test";
		};
		038B87AF1FECD5470005346A /* Local-AuthenticationUITests */ = {
			isa = PBXNativeTarget;
			buildConfigurationList = 038B87BF1FECD5470005346A /* Build configuration list for PBXNativeTarget "Local-AuthenticationUITests" */;
			buildPhases = (
				038B87AC1FECD5470005346A /* Sources */,
				038B87AD1FECD5470005346A /* Frameworks */,
				038B87AE1FECD5470005346A /* Resources */,
			);
			buildRules = (
			);
			dependencies = (
				038B87B21FECD5470005346A /* PBXTargetDependency */,
			);
			name = "Local-AuthenticationUITests";
			productName = "Local-AuthenticationUITests";
			productReference = 038B87B01FECD5470005346A /* Local-AuthenticationUITests.xctest */;
			productType = "com.apple.product-type.bundle.ui-testing";
		};
/* End PBXNativeTarget section */

/* Begin PBXProject section */
		038B87891FECD5470005346A /* Project object */ = {
			isa = PBXProject;
			attributes = {
				LastSwiftUpdateCheck = 0910;
				LastUpgradeCheck = 0910;
				ORGANIZATIONNAME = Pixelpoint;
				TargetAttributes = {
					038B87901FECD5470005346A = {
						CreatedOnToolsVersion = 9.1;
						ProvisioningStyle = Automatic;
					};
					038B87A41FECD5470005346A = {
						CreatedOnToolsVersion = 9.1;
						ProvisioningStyle = Automatic;
						TestTargetID = 038B87901FECD5470005346A;
					};
					038B87AF1FECD5470005346A = {
						CreatedOnToolsVersion = 9.1;
						ProvisioningStyle = Automatic;
						TestTargetID = 038B87901FECD5470005346A;
					};
				};
			};
			buildConfigurationList = 038B878C1FECD5470005346A /* Build configuration list for PBXProject "Local-Authentication" */;
			compatibilityVersion = "Xcode 8.0";
			developmentRegion = en;
			hasScannedForEncodings = 0;
			knownRegions = (
				en,
				Base,
			);
			mainGroup = 038B87881FECD5470005346A;
			productRefGroup = 038B87921FECD5470005346A /* Products */;
			projectDirPath = "";
			projectRoot = "";
			targets = (
				038B87901FECD5470005346A /* Local-Authentication */,
				038B87A41FECD5470005346A /* Local-AuthenticationTests */,
				038B87AF1FECD5470005346A /* Local-AuthenticationUITests */,
			);
		};
/* End PBXProject section */

/* Begin PBXResourcesBuildPhase section */
		038B878F1FECD5470005346A /* Resources */ = {
			isa = PBXResourcesBuildPhase;
			buildActionMask = 2147483647;
			files = (
				038B87CC1FECD6360005346A /* LaunchScreen.storyboard in Resources */,
				038B87C81FECD5770005346A /* Main.storyboard in Resources */,
				038B879C1FECD5470005346A /* Assets.xcassets in Resources */,
			);
			runOnlyForDeploymentPostprocessing = 0;
		};
		038B87A31FECD5470005346A /* Resources */ = {
			isa = PBXResourcesBuildPhase;
			buildActionMask = 2147483647;
			files = (
			);
			runOnlyForDeploymentPostprocessing = 0;
		};
		038B87AE1FECD5470005346A /* Resources */ = {
			isa = PBXResourcesBuildPhase;
			buildActionMask = 2147483647;
			files = (
			);
			runOnlyForDeploymentPostprocessing = 0;
		};
/* End PBXResourcesBuildPhase section */

/* Begin PBXSourcesBuildPhase section */
		038B878D1FECD5470005346A /* Sources */ = {
			isa = PBXSourcesBuildPhase;
			buildActionMask = 2147483647;
			files = (
				038B87CA1FECD5770005346A /* ViewController.swift in Sources */,
				038B87951FECD5470005346A /* AppDelegate.swift in Sources */,
				038B87C91FECD5770005346A /* NextViewController.swift in Sources */,
			);
			runOnlyForDeploymentPostprocessing = 0;
		};
		038B87A11FECD5470005346A /* Sources */ = {
			isa = PBXSourcesBuildPhase;
			buildActionMask = 2147483647;
			files = (
				038B87AA1FECD5470005346A /* Local_AuthenticationTests.swift in Sources */,
			);
			runOnlyForDeploymentPostprocessing = 0;
		};
		038B87AC1FECD5470005346A /* Sources */ = {
			isa = PBXSourcesBuildPhase;
			buildActionMask = 2147483647;
			files = (
				038B87B51FECD5470005346A /* Local_AuthenticationUITests.swift in Sources */,
			);
			runOnlyForDeploymentPostprocessing = 0;
		};
/* End PBXSourcesBuildPhase section */

/* Begin PBXTargetDependency section */
		038B87A71FECD5470005346A /* PBXTargetDependency */ = {
			isa = PBXTargetDependency;
			target = 038B87901FECD5470005346A /* Local-Authentication */;
			targetProxy = 038B87A61FECD5470005346A /* PBXContainerItemProxy */;
		};
		038B87B21FECD5470005346A /* PBXTargetDependency */ = {
			isa = PBXTargetDependency;
			target = 038B87901FECD5470005346A /* Local-Authentication */;
			targetProxy = 038B87B11FECD5470005346A /* PBXContainerItemProxy */;
		};
/* End PBXTargetDependency section */

/* Begin XCBuildConfiguration section */
		038B87B71FECD5470005346A /* Debug */ = {
			isa = XCBuildConfiguration;
			buildSettings = {
				ALWAYS_SEARCH_USER_PATHS = NO;
				CLANG_ANALYZER_NONNULL = YES;
				CLANG_ANALYZER_NUMBER_OBJECT_CONVERSION = YES_AGGRESSIVE;
				CLANG_CXX_LANGUAGE_STANDARD = "gnu++14";
				CLANG_CXX_LIBRARY = "libc++";
				CLANG_ENABLE_MODULES = YES;
				CLANG_ENABLE_OBJC_ARC = YES;
				CLANG_WARN_BLOCK_CAPTURE_AUTORELEASING = YES;
				CLANG_WARN_BOOL_CONVERSION = YES;
				CLANG_WARN_COMMA = YES;
				CLANG_WARN_CONSTANT_CONVERSION = YES;
				CLANG_WARN_DIRECT_OBJC_ISA_USAGE = YES_ERROR;
				CLANG_WARN_DOCUMENTATION_COMMENTS = YES;
				CLANG_WARN_EMPTY_BODY = YES;
				CLANG_WARN_ENUM_CONVERSION = YES;
				CLANG_WARN_INFINITE_RECURSION = YES;
				CLANG_WARN_INT_CONVERSION = YES;
				CLANG_WARN_NON_LITERAL_NULL_CONVERSION = YES;
				CLANG_WARN_OBJC_LITERAL_CONVERSION = YES;
				CLANG_WARN_OBJC_ROOT_CLASS = YES_ERROR;
				CLANG_WARN_RANGE_LOOP_ANALYSIS = YES;
				CLANG_WARN_STRICT_PROTOTYPES = YES;
				CLANG_WARN_SUSPICIOUS_MOVE = YES;
				CLANG_WARN_UNGUARDED_AVAILABILITY = YES_AGGRESSIVE;
				CLANG_WARN_UNREACHABLE_CODE = YES;
				CLANG_WARN__DUPLICATE_METHOD_MATCH = YES;
				CODE_SIGN_IDENTITY = "iPhone Developer";
				COPY_PHASE_STRIP = NO;
				DEBUG_INFORMATION_FORMAT = dwarf;
				ENABLE_STRICT_OBJC_MSGSEND = YES;
				ENABLE_TESTABILITY = YES;
				GCC_C_LANGUAGE_STANDARD = gnu11;
				GCC_DYNAMIC_NO_PIC = NO;
				GCC_NO_COMMON_BLOCKS = YES;
				GCC_OPTIMIZATION_LEVEL = 0;
				GCC_PREPROCESSOR_DEFINITIONS = (
					"DEBUG=1",
					"$(inherited)",
				);
				GCC_WARN_64_TO_32_BIT_CONVERSION = YES;
				GCC_WARN_ABOUT_RETURN_TYPE = YES_ERROR;
				GCC_WARN_UNDECLARED_SELECTOR = YES;
				GCC_WARN_UNINITIALIZED_AUTOS = YES_AGGRESSIVE;
				GCC_WARN_UNUSED_FUNCTION = YES;
				GCC_WARN_UNUSED_VARIABLE = YES;
				IPHONEOS_DEPLOYMENT_TARGET = 11.1;
				MTL_ENABLE_DEBUG_INFO = YES;
				ONLY_ACTIVE_ARCH = YES;
				SDKROOT = iphoneos;
				SWIFT_ACTIVE_COMPILATION_CONDITIONS = DEBUG;
				SWIFT_OPTIMIZATION_LEVEL = "-Onone";
			};
			name = Debug;
		};
		038B87B81FECD5470005346A /* Release */ = {
			isa = XCBuildConfiguration;
			buildSettings = {
				ALWAYS_SEARCH_USER_PATHS = NO;
				CLANG_ANALYZER_NONNULL = YES;
				CLANG_ANALYZER_NUMBER_OBJECT_CONVERSION = YES_AGGRESSIVE;
				CLANG_CXX_LANGUAGE_STANDARD = "gnu++14";
				CLANG_CXX_LIBRARY = "libc++";
				CLANG_ENABLE_MODULES = YES;
				CLANG_ENABLE_OBJC_ARC = YES;
				CLANG_WARN_BLOCK_CAPTURE_AUTORELEASING = YES;
				CLANG_WARN_BOOL_CONVERSION = YES;
				CLANG_WARN_COMMA = YES;
				CLANG_WARN_CONSTANT_CONVERSION = YES;
				CLANG_WARN_DIRECT_OBJC_ISA_USAGE = YES_ERROR;
				CLANG_WARN_DOCUMENTATION_COMMENTS = YES;
				CLANG_WARN_EMPTY_BODY = YES;
				CLANG_WARN_ENUM_CONVERSION = YES;
				CLANG_WARN_INFINITE_RECURSION = YES;
				CLANG_WARN_INT_CONVERSION = YES;
				CLANG_WARN_NON_LITERAL_NULL_CONVERSION = YES;
				CLANG_WARN_OBJC_LITERAL_CONVERSION = YES;
				CLANG_WARN_OBJC_ROOT_CLASS = YES_ERROR;
				CLANG_WARN_RANGE_LOOP_ANALYSIS = YES;
				CLANG_WARN_STRICT_PROTOTYPES = YES;
				CLANG_WARN_SUSPICIOUS_MOVE = YES;
				CLANG_WARN_UNGUARDED_AVAILABILITY = YES_AGGRESSIVE;
				CLANG_WARN_UNREACHABLE_CODE = YES;
				CLANG_WARN__DUPLICATE_METHOD_MATCH = YES;
				CODE_SIGN_IDENTITY = "iPhone Developer";
				COPY_PHASE_STRIP = NO;
				DEBUG_INFORMATION_FORMAT = "dwarf-with-dsym";
				ENABLE_NS_ASSERTIONS = NO;
				ENABLE_STRICT_OBJC_MSGSEND = YES;
				GCC_C_LANGUAGE_STANDARD = gnu11;
				GCC_NO_COMMON_BLOCKS = YES;
				GCC_WARN_64_TO_32_BIT_CONVERSION = YES;
				GCC_WARN_ABOUT_RETURN_TYPE = YES_ERROR;
				GCC_WARN_UNDECLARED_SELECTOR = YES;
				GCC_WARN_UNINITIALIZED_AUTOS = YES_AGGRESSIVE;
				GCC_WARN_UNUSED_FUNCTION = YES;
				GCC_WARN_UNUSED_VARIABLE = YES;
				IPHONEOS_DEPLOYMENT_TARGET = 11.1;
				MTL_ENABLE_DEBUG_INFO = NO;
				SDKROOT = iphoneos;
				SWIFT_OPTIMIZATION_LEVEL = "-Owholemodule";
				VALIDATE_PRODUCT = YES;
			};
			name = Release;
		};
		038B87BA1FECD5470005346A /* Debug */ = {
			isa = XCBuildConfiguration;
			buildSettings = {
				ASSETCATALOG_COMPILER_APPICON_NAME = AppIcon;
				CODE_SIGN_STYLE = Automatic;
				DEVELOPMENT_TEAM = U5QL4346Z3;
				INFOPLIST_FILE = "Local-Authentication/Info.plist";
				IPHONEOS_DEPLOYMENT_TARGET = 11.0;
				LD_RUNPATH_SEARCH_PATHS = "$(inherited) @executable_path/Frameworks";
				PRODUCT_BUNDLE_IDENTIFIER = "PixelPoint.Local-Authentication";
				PRODUCT_NAME = "$(TARGET_NAME)";
				SWIFT_VERSION = 4.0;
				TARGETED_DEVICE_FAMILY = "1,2";
			};
			name = Debug;
		};
		038B87BB1FECD5470005346A /* Release */ = {
			isa = XCBuildConfiguration;
			buildSettings = {
				ASSETCATALOG_COMPILER_APPICON_NAME = AppIcon;
				CODE_SIGN_STYLE = Automatic;
				DEVELOPMENT_TEAM = U5QL4346Z3;
				INFOPLIST_FILE = "Local-Authentication/Info.plist";
				IPHONEOS_DEPLOYMENT_TARGET = 11.0;
				LD_RUNPATH_SEARCH_PATHS = "$(inherited) @executable_path/Frameworks";
				PRODUCT_BUNDLE_IDENTIFIER = "PixelPoint.Local-Authentication";
				PRODUCT_NAME = "$(TARGET_NAME)";
				SWIFT_VERSION = 4.0;
				TARGETED_DEVICE_FAMILY = "1,2";
			};
			name = Release;
		};
		038B87BD1FECD5470005346A /* Debug */ = {
			isa = XCBuildConfiguration;
			buildSettings = {
				ALWAYS_EMBED_SWIFT_STANDARD_LIBRARIES = YES;
				BUNDLE_LOADER = "$(TEST_HOST)";
				CODE_SIGN_STYLE = Automatic;
				INFOPLIST_FILE = "Local-AuthenticationTests/Info.plist";
				LD_RUNPATH_SEARCH_PATHS = "$(inherited) @executable_path/Frameworks @loader_path/Frameworks";
				PRODUCT_BUNDLE_IDENTIFIER = "PixelPoint.Local-AuthenticationTests";
				PRODUCT_NAME = "$(TARGET_NAME)";
				SWIFT_VERSION = 4.0;
				TARGETED_DEVICE_FAMILY = "1,2";
				TEST_HOST = "$(BUILT_PRODUCTS_DIR)/Local-Authentication.app/Local-Authentication";
			};
			name = Debug;
		};
		038B87BE1FECD5470005346A /* Release */ = {
			isa = XCBuildConfiguration;
			buildSettings = {
				ALWAYS_EMBED_SWIFT_STANDARD_LIBRARIES = YES;
				BUNDLE_LOADER = "$(TEST_HOST)";
				CODE_SIGN_STYLE = Automatic;
				INFOPLIST_FILE = "Local-AuthenticationTests/Info.plist";
				LD_RUNPATH_SEARCH_PATHS = "$(inherited) @executable_path/Frameworks @loader_path/Frameworks";
				PRODUCT_BUNDLE_IDENTIFIER = "PixelPoint.Local-AuthenticationTests";
				PRODUCT_NAME = "$(TARGET_NAME)";
				SWIFT_VERSION = 4.0;
				TARGETED_DEVICE_FAMILY = "1,2";
				TEST_HOST = "$(BUILT_PRODUCTS_DIR)/Local-Authentication.app/Local-Authentication";
			};
			name = Release;
		};
		038B87C01FECD5470005346A /* Debug */ = {
			isa = XCBuildConfiguration;
			buildSettings = {
				ALWAYS_EMBED_SWIFT_STANDARD_LIBRARIES = YES;
				CODE_SIGN_STYLE = Automatic;
				INFOPLIST_FILE = "Local-AuthenticationUITests/Info.plist";
				LD_RUNPATH_SEARCH_PATHS = "$(inherited) @executable_path/Frameworks @loader_path/Frameworks";
				PRODUCT_BUNDLE_IDENTIFIER = "PixelPoint.Local-AuthenticationUITests";
				PRODUCT_NAME = "$(TARGET_NAME)";
				SWIFT_VERSION = 4.0;
				TARGETED_DEVICE_FAMILY = "1,2";
				TEST_TARGET_NAME = "Local-Authentication";
			};
			name = Debug;
		};
		038B87C11FECD5470005346A /* Release */ = {
			isa = XCBuildConfiguration;
			buildSettings = {
				ALWAYS_EMBED_SWIFT_STANDARD_LIBRARIES = YES;
				CODE_SIGN_STYLE = Automatic;
				INFOPLIST_FILE = "Local-AuthenticationUITests/Info.plist";
				LD_RUNPATH_SEARCH_PATHS = "$(inherited) @executable_path/Frameworks @loader_path/Frameworks";
				PRODUCT_BUNDLE_IDENTIFIER = "PixelPoint.Local-AuthenticationUITests";
				PRODUCT_NAME = "$(TARGET_NAME)";
				SWIFT_VERSION = 4.0;
				TARGETED_DEVICE_FAMILY = "1,2";
				TEST_TARGET_NAME = "Local-Authentication";
			};
			name = Release;
		};
/* End XCBuildConfiguration section */

/* Begin XCConfigurationList section */
		038B878C1FECD5470005346A /* Build configuration list for PBXProject "Local-Authentication" */ = {
			isa = XCConfigurationList;
			buildConfigurations = (
				038B87B71FECD5470005346A /* Debug */,
				038B87B81FECD5470005346A /* Release */,
			);
			defaultConfigurationIsVisible = 0;
			defaultConfigurationName = Release;
		};
		038B87B91FECD5470005346A /* Build configuration list for PBXNativeTarget "Local-Authentication" */ = {
			isa = XCConfigurationList;
			buildConfigurations = (
				038B87BA1FECD5470005346A /* Debug */,
				038B87BB1FECD5470005346A /* Release */,
			);
			defaultConfigurationIsVisible = 0;
			defaultConfigurationName = Release;
		};
		038B87BC1FECD5470005346A /* Build configuration list for PBXNativeTarget "Local-AuthenticationTests" */ = {
			isa = XCConfigurationList;
			buildConfigurations = (
				038B87BD1FECD5470005346A /* Debug */,
				038B87BE1FECD5470005346A /* Release */,
			);
			defaultConfigurationIsVisible = 0;
			defaultConfigurationName = Release;
		};
		038B87BF1FECD5470005346A /* Build configuration list for PBXNativeTarget "Local-AuthenticationUITests" */ = {
			isa = XCConfigurationList;
			buildConfigurations = (
				038B87C01FECD5470005346A /* Debug */,
				038B87C11FECD5470005346A /* Release */,
			);
			defaultConfigurationIsVisible = 0;
			defaultConfigurationName = Release;
		};
/* End XCConfigurationList section */
	};
	rootObject = 038B87891FECD5470005346A /* Project object */;
}
